
Microsoft Visual Studio Solution File, Format Version 12.00
# Visual Studio Version 16
VisualStudioVersion = 16.0.31605.320
MinimumVisualStudioVersion = 10.0.40219.1
Project("{FAE04EC0-301F-11D3-BF4B-00C04F79EFBC}") = "HesapMakinesi", "HesapMakinesi\HesapMakinesi.csproj", "{70E6D87A-DDFE-4D4E-B8F8-80AB552607F5}"
EndProject
Global
	GlobalSection(SolutionConfigurationPlatforms) = preSolution
		Debug|Any CPU = Debug|Any CPU
		Release|Any CPU = Release|Any CPU
	EndGlobalSection
	GlobalSection(ProjectConfigurationPlatforms) = postSolution
		{70E6D87A-DDFE-4D4E-B8F8-80AB552607F5}.Debug|Any CPU.ActiveCfg = Debug|Any CPU
		{70E6D87A-DDFE-4D4E-B8F8-80AB552607F5}.Debug|Any CPU.Build.0 = Debug|Any CPU
		{70E6D87A-DDFE-4D4E-B8F8-80AB552607F5}.Release|Any CPU.ActiveCfg = Release|Any CPU
		{70E6D87A-DDFE-4D4E-B8F8-80AB552607F5}.Release|Any CPU.Build.0 = Release|Any CPU
	EndGlobalSection
	GlobalSection(SolutionProperties) = preSolution
		HideSolutionNode = FALSE
	EndGlobalSection
	GlobalSection(ExtensibilityGlobals) = postSolution
		SolutionGuid = {A6918800-B3A7-4865-816B-504AD23DF4B4}
	EndGlobalSection
EndGlobal
